// !$*UTF8*$!
{
	archiveVersion = 1;
	classes = {
	};
	objectVersion = 56;
	objects = {

/* Begin PBXBuildFile section */
		B61C2F422A55E83D009B861B /* FirebaseAnalyticsWithoutAdIdSupport in Frameworks */ = {isa = PBXBuildFile; productRef = B61C2F412A55E83D009B861B /* FirebaseAnalyticsWithoutAdIdSupport */; };
		B61C2F442A55E83D009B861B /* FirebaseAuth in Frameworks */ = {isa = PBXBuildFile; productRef = B61C2F432A55E83D009B861B /* FirebaseAuth */; };
		B61C2F462A55E83D009B861B /* FirebaseDatabase in Frameworks */ = {isa = PBXBuildFile; productRef = B61C2F452A55E83D009B861B /* FirebaseDatabase */; };
		B61C2F482A55E83D009B861B /* FirebaseDatabaseSwift in Frameworks */ = {isa = PBXBuildFile; productRef = B61C2F472A55E83D009B861B /* FirebaseDatabaseSwift */; };
		B61C2F4A2A55E83D009B861B /* FirebaseFirestore in Frameworks */ = {isa = PBXBuildFile; productRef = B61C2F492A55E83D009B861B /* FirebaseFirestore */; };
		B61C2F4C2A55E83D009B861B /* FirebaseFirestoreSwift in Frameworks */ = {isa = PBXBuildFile; productRef = B61C2F4B2A55E83D009B861B /* FirebaseFirestoreSwift */; };
		B61C2F4E2A55E83D009B861B /* FirebaseMessaging in Frameworks */ = {isa = PBXBuildFile; productRef = B61C2F4D2A55E83D009B861B /* FirebaseMessaging */; };
		B61C2F502A55E90F009B861B /* SingleChoiceResponseView.swift in Sources */ = {isa = PBXBuildFile; fileRef = B61C2F4F2A55E90F009B861B /* SingleChoiceResponseView.swift */; };
		B61C2F522A55E973009B861B /* ReviewModel.swift in Sources */ = {isa = PBXBuildFile; fileRef = B61C2F512A55E973009B861B /* ReviewModel.swift */; };
		B61C2F552A55FD41009B861B /* SignUpView.swift in Sources */ = {isa = PBXBuildFile; fileRef = B61C2F542A55FD41009B861B /* SignUpView.swift */; };
		B61C2F572A560876009B861B /* LogInView.swift in Sources */ = {isa = PBXBuildFile; fileRef = B61C2F562A560876009B861B /* LogInView.swift */; };
		B61C2F5B2A560C43009B861B /* ChatViewModel.swift in Sources */ = {isa = PBXBuildFile; fileRef = B61C2F5A2A560C43009B861B /* ChatViewModel.swift */; };
		B634BA072A3AA8910069EEF8 /* Chat Models.swift in Sources */ = {isa = PBXBuildFile; fileRef = B634BA062A3AA8910069EEF8 /* Chat Models.swift */; };
		B63DCD812AED640D00E2B002 /* SurveyViewModel.swift in Sources */ = {isa = PBXBuildFile; fileRef = B63DCD802AED640D00E2B002 /* SurveyViewModel.swift */; };
		B65855FF2A3979DE008A597A /* DraftAFStudy3App.swift in Sources */ = {isa = PBXBuildFile; fileRef = B65855FE2A3979DE008A597A /* DraftAFStudy3App.swift */; };
		B65856032A3979E0008A597A /* Assets.xcassets in Resources */ = {isa = PBXBuildFile; fileRef = B65856022A3979E0008A597A /* Assets.xcassets */; };
		B65856062A3979E0008A597A /* Preview Assets.xcassets in Resources */ = {isa = PBXBuildFile; fileRef = B65856052A3979E0008A597A /* Preview Assets.xcassets */; };
		B66D21E92B3DE1B500C39842 /* TestView.swift in Sources */ = {isa = PBXBuildFile; fileRef = B66D21E82B3DE1B500C39842 /* TestView.swift */; };
		B69A9E242A4C88450062F494 /* CardStack in Frameworks */ = {isa = PBXBuildFile; productRef = B69A9E232A4C88450062F494 /* CardStack */; };
		B6AE63522A6D89C70035995A /* SettingsView.swift in Sources */ = {isa = PBXBuildFile; fileRef = B6AE63512A6D89C70035995A /* SettingsView.swift */; };
		B6B4318C2B048B4D00D00AD8 /* OnBoardingView.swift in Sources */ = {isa = PBXBuildFile; fileRef = B6B4318B2B048B4D00D00AD8 /* OnBoardingView.swift */; };
		B6E0CD142A5A45DA00BD9009 /* Alamofire in Frameworks */ = {isa = PBXBuildFile; productRef = B6E0CD132A5A45DA00BD9009 /* Alamofire */; };
		B6EA55762A4A884F00AD6CE7 /* ChatView.swift in Sources */ = {isa = PBXBuildFile; fileRef = B6EA55752A4A884F00AD6CE7 /* ChatView.swift */; };
		B6EA55782A4A886500AD6CE7 /* ReviewDetail.swift in Sources */ = {isa = PBXBuildFile; fileRef = B6EA55772A4A886500AD6CE7 /* ReviewDetail.swift */; };
		B6FDC25D2BCF5C840078B73D /* GoogleService-Info.plist in Resources */ = {isa = PBXBuildFile; fileRef = B6FDC25B2BCF5C7A0078B73D /* GoogleService-Info.plist */; };
/* End PBXBuildFile section */

/* Begin PBXFileReference section */
		B61C2F4F2A55E90F009B861B /* SingleChoiceResponseView.swift */ = {isa = PBXFileReference; lastKnownFileType = sourcecode.swift; path = SingleChoiceResponseView.swift; sourceTree = "<group>"; };
		B61C2F512A55E973009B861B /* ReviewModel.swift */ = {isa = PBXFileReference; lastKnownFileType = sourcecode.swift; path = ReviewModel.swift; sourceTree = "<group>"; };
		B61C2F542A55FD41009B861B /* SignUpView.swift */ = {isa = PBXFileReference; lastKnownFileType = sourcecode.swift; path = SignUpView.swift; sourceTree = "<group>"; };
		B61C2F562A560876009B861B /* LogInView.swift */ = {isa = PBXFileReference; lastKnownFileType = sourcecode.swift; path = LogInView.swift; sourceTree = "<group>"; };
		B61C2F5A2A560C43009B861B /* ChatViewModel.swift */ = {isa = PBXFileReference; lastKnownFileType = sourcecode.swift; path = ChatViewModel.swift; sourceTree = "<group>"; };
		B634BA062A3AA8910069EEF8 /* Chat Models.swift */ = {isa = PBXFileReference; lastKnownFileType = sourcecode.swift; path = "Chat Models.swift"; sourceTree = "<group>"; };
		B63DCD802AED640D00E2B002 /* SurveyViewModel.swift */ = {isa = PBXFileReference; lastKnownFileType = sourcecode.swift; path = SurveyViewModel.swift; sourceTree = "<group>"; };
		B65855FB2A3979DE008A597A /* DraftAFStudy3.app */ = {isa = PBXFileReference; explicitFileType = wrapper.application; includeInIndex = 0; path = DraftAFStudy3.app; sourceTree = BUILT_PRODUCTS_DIR; };
		B65855FE2A3979DE008A597A /* DraftAFStudy3App.swift */ = {isa = PBXFileReference; lastKnownFileType = sourcecode.swift; path = DraftAFStudy3App.swift; sourceTree = "<group>"; };
		B65856022A3979E0008A597A /* Assets.xcassets */ = {isa = PBXFileReference; lastKnownFileType = folder.assetcatalog; path = Assets.xcassets; sourceTree = "<group>"; };
		B65856052A3979E0008A597A /* Preview Assets.xcassets */ = {isa = PBXFileReference; lastKnownFileType = folder.assetcatalog; path = "Preview Assets.xcassets"; sourceTree = "<group>"; };
		B66D21E82B3DE1B500C39842 /* TestView.swift */ = {isa = PBXFileReference; lastKnownFileType = sourcecode.swift; path = TestView.swift; sourceTree = "<group>"; };
		B672E5612A6B600D0060810D /* Info.plist */ = {isa = PBXFileReference; lastKnownFileType = text.plist; path = Info.plist; sourceTree = "<group>"; };
		B6AE63512A6D89C70035995A /* SettingsView.swift */ = {isa = PBXFileReference; lastKnownFileType = sourcecode.swift; path = SettingsView.swift; sourceTree = "<group>"; };
		B6AE63532A6D901C0035995A /* DraftAFStudy3.entitlements */ = {isa = PBXFileReference; lastKnownFileType = text.plist.entitlements; path = DraftAFStudy3.entitlements; sourceTree = "<group>"; };
		B6B4318B2B048B4D00D00AD8 /* OnBoardingView.swift */ = {isa = PBXFileReference; lastKnownFileType = sourcecode.swift; path = OnBoardingView.swift; sourceTree = "<group>"; };
		B6EA55752A4A884F00AD6CE7 /* ChatView.swift */ = {isa = PBXFileReference; lastKnownFileType = sourcecode.swift; path = ChatView.swift; sourceTree = "<group>"; };
		B6EA55772A4A886500AD6CE7 /* ReviewDetail.swift */ = {isa = PBXFileReference; lastKnownFileType = sourcecode.swift; path = ReviewDetail.swift; sourceTree = "<group>"; };
		B6FDC25B2BCF5C7A0078B73D /* GoogleService-Info.plist */ = {isa = PBXFileReference; fileEncoding = 4; lastKnownFileType = text.plist.xml; path = "GoogleService-Info.plist"; sourceTree = "<group>"; };
/* End PBXFileReference section */

/* Begin PBXFrameworksBuildPhase section */
		B65855F82A3979DE008A597A /* Frameworks */ = {
			isa = PBXFrameworksBuildPhase;
			buildActionMask = 2147483647;
			files = (
				B6E0CD142A5A45DA00BD9009 /* Alamofire in Frameworks */,
				B61C2F4E2A55E83D009B861B /* FirebaseMessaging in Frameworks */,
				B61C2F482A55E83D009B861B /* FirebaseDatabaseSwift in Frameworks */,
				B69A9E242A4C88450062F494 /* CardStack in Frameworks */,
				B61C2F442A55E83D009B861B /* FirebaseAuth in Frameworks */,
				B61C2F4C2A55E83D009B861B /* FirebaseFirestoreSwift in Frameworks */,
				B61C2F462A55E83D009B861B /* FirebaseDatabase in Frameworks */,
				B61C2F422A55E83D009B861B /* FirebaseAnalyticsWithoutAdIdSupport in Frameworks */,
				B61C2F4A2A55E83D009B861B /* FirebaseFirestore in Frameworks */,
			);
			runOnlyForDeploymentPostprocessing = 0;
		};
/* End PBXFrameworksBuildPhase section */

/* Begin PBXGroup section */
		B61C2F532A55E996009B861B /* Review Section */ = {
			isa = PBXGroup;
			children = (
				B6EA55772A4A886500AD6CE7 /* ReviewDetail.swift */,
				B61C2F512A55E973009B861B /* ReviewModel.swift */,
				B61C2F4F2A55E90F009B861B /* SingleChoiceResponseView.swift */,
				B63DCD802AED640D00E2B002 /* SurveyViewModel.swift */,
			);
			path = "Review Section";
			sourceTree = "<group>";
		};
		B61C2F582A56087E009B861B /* UserAuth */ = {
			isa = PBXGroup;
			children = (
				B61C2F562A560876009B861B /* LogInView.swift */,
				B61C2F542A55FD41009B861B /* SignUpView.swift */,
			);
			path = UserAuth;
			sourceTree = "<group>";
		};
		B61C2F592A560C33009B861B /* Chat */ = {
			isa = PBXGroup;
			children = (
				B6EA55752A4A884F00AD6CE7 /* ChatView.swift */,
				B634BA062A3AA8910069EEF8 /* Chat Models.swift */,
				B61C2F5A2A560C43009B861B /* ChatViewModel.swift */,
			);
			path = Chat;
			sourceTree = "<group>";
		};
		B65855F22A3979DE008A597A = {
			isa = PBXGroup;
			children = (
				B65855FD2A3979DE008A597A /* DraftAFStudy3 */,
				B65855FC2A3979DE008A597A /* Products */,
			);
			sourceTree = "<group>";
		};
		B65855FC2A3979DE008A597A /* Products */ = {
			isa = PBXGroup;
			children = (
				B65855FB2A3979DE008A597A /* DraftAFStudy3.app */,
			);
			name = Products;
			sourceTree = "<group>";
		};
		B65855FD2A3979DE008A597A /* DraftAFStudy3 */ = {
			isa = PBXGroup;
			children = (
				B6AE63532A6D901C0035995A /* DraftAFStudy3.entitlements */,
				B672E5612A6B600D0060810D /* Info.plist */,
				B6FDC25B2BCF5C7A0078B73D /* GoogleService-Info.plist */,
				B66D21E82B3DE1B500C39842 /* TestView.swift */,
				B65855FE2A3979DE008A597A /* DraftAFStudy3App.swift */,
				B6B4318B2B048B4D00D00AD8 /* OnBoardingView.swift */,
				B6AE63512A6D89C70035995A /* SettingsView.swift */,
				B61C2F582A56087E009B861B /* UserAuth */,
				B61C2F592A560C33009B861B /* Chat */,
				B61C2F532A55E996009B861B /* Review Section */,
				B65856022A3979E0008A597A /* Assets.xcassets */,
				B65856042A3979E0008A597A /* Preview Content */,
			);
			path = DraftAFStudy3;
			sourceTree = "<group>";
		};
		B65856042A3979E0008A597A /* Preview Content */ = {
			isa = PBXGroup;
			children = (
				B65856052A3979E0008A597A /* Preview Assets.xcassets */,
			);
			path = "Preview Content";
			sourceTree = "<group>";
		};
/* End PBXGroup section */

/* Begin PBXNativeTarget section */
		B65855FA2A3979DE008A597A /* DraftAFStudy3 */ = {
			isa = PBXNativeTarget;
			buildConfigurationList = B65856092A3979E0008A597A /* Build configuration list for PBXNativeTarget "DraftAFStudy3" */;
			buildPhases = (
				B65855F72A3979DE008A597A /* Sources */,
				B65855F82A3979DE008A597A /* Frameworks */,
				B65855F92A3979DE008A597A /* Resources */,
			);
			buildRules = (
			);
			dependencies = (
			);
			name = DraftAFStudy3;
			packageProductDependencies = (
				B69A9E232A4C88450062F494 /* CardStack */,
				B61C2F412A55E83D009B861B /* FirebaseAnalyticsWithoutAdIdSupport */,
				B61C2F432A55E83D009B861B /* FirebaseAuth */,
				B61C2F452A55E83D009B861B /* FirebaseDatabase */,
				B61C2F472A55E83D009B861B /* FirebaseDatabaseSwift */,
				B61C2F492A55E83D009B861B /* FirebaseFirestore */,
				B61C2F4B2A55E83D009B861B /* FirebaseFirestoreSwift */,
				B61C2F4D2A55E83D009B861B /* FirebaseMessaging */,
				B6E0CD132A5A45DA00BD9009 /* Alamofire */,
			);
			productName = DraftAFStudy3;
			productReference = B65855FB2A3979DE008A597A /* DraftAFStudy3.app */;
			productType = "com.apple.product-type.application";
		};
/* End PBXNativeTarget section */

/* Begin PBXProject section */
		B65855F32A3979DE008A597A /* Project object */ = {
			isa = PBXProject;
			attributes = {
				BuildIndependentTargetsInParallel = 1;
				LastSwiftUpdateCheck = 1430;
				LastUpgradeCheck = 1430;
				TargetAttributes = {
					B65855FA2A3979DE008A597A = {
						CreatedOnToolsVersion = 14.3;
					};
				};
			};
			buildConfigurationList = B65855F62A3979DE008A597A /* Build configuration list for PBXProject "DraftAFStudy3" */;
			compatibilityVersion = "Xcode 14.0";
			developmentRegion = en;
			hasScannedForEncodings = 0;
			knownRegions = (
				en,
				Base,
			);
			mainGroup = B65855F22A3979DE008A597A;
			packageReferences = (
				B69A9E222A4C88450062F494 /* XCRemoteSwiftPackageReference "CardStack" */,
				B61C2F402A55E83D009B861B /* XCRemoteSwiftPackageReference "firebase-ios-sdk" */,
				B6E0CD122A5A45DA00BD9009 /* XCRemoteSwiftPackageReference "Alamofire" */,
			);
			productRefGroup = B65855FC2A3979DE008A597A /* Products */;
			projectDirPath = "";
			projectRoot = "";
			targets = (
				B65855FA2A3979DE008A597A /* DraftAFStudy3 */,
			);
		};
/* End PBXProject section */

/* Begin PBXResourcesBuildPhase section */
		B65855F92A3979DE008A597A /* Resources */ = {
			isa = PBXResourcesBuildPhase;
			buildActionMask = 2147483647;
			files = (
				B6FDC25D2BCF5C840078B73D /* GoogleService-Info.plist in Resources */,
				B65856062A3979E0008A597A /* Preview Assets.xcassets in Resources */,
				B65856032A3979E0008A597A /* Assets.xcassets in Resources */,
			);
			runOnlyForDeploymentPostprocessing = 0;
		};
/* End PBXResourcesBuildPhase section */

/* Begin PBXSourcesBuildPhase section */
		B65855F72A3979DE008A597A /* Sources */ = {
			isa = PBXSourcesBuildPhase;
			buildActionMask = 2147483647;
			files = (
				B61C2F502A55E90F009B861B /* SingleChoiceResponseView.swift in Sources */,
				B6EA55762A4A884F00AD6CE7 /* ChatView.swift in Sources */,
				B63DCD812AED640D00E2B002 /* SurveyViewModel.swift in Sources */,
				B634BA072A3AA8910069EEF8 /* Chat Models.swift in Sources */,
				B6EA55782A4A886500AD6CE7 /* ReviewDetail.swift in Sources */,
				B61C2F552A55FD41009B861B /* SignUpView.swift in Sources */,
				B61C2F572A560876009B861B /* LogInView.swift in Sources */,
				B65855FF2A3979DE008A597A /* DraftAFStudy3App.swift in Sources */,
				B61C2F5B2A560C43009B861B /* ChatViewModel.swift in Sources */,
				B6B4318C2B048B4D00D00AD8 /* OnBoardingView.swift in Sources */,
				B61C2F522A55E973009B861B /* ReviewModel.swift in Sources */,
				B66D21E92B3DE1B500C39842 /* TestView.swift in Sources */,
				B6AE63522A6D89C70035995A /* SettingsView.swift in Sources */,
			);
			runOnlyForDeploymentPostprocessing = 0;
		};
/* End PBXSourcesBuildPhase section */

/* Begin XCBuildConfiguration section */
		B65856072A3979E0008A597A /* Debug */ = {
			isa = XCBuildConfiguration;
			buildSettings = {
				ALWAYS_SEARCH_USER_PATHS = NO;
				CLANG_ANALYZER_NONNULL = YES;
				CLANG_ANALYZER_NUMBER_OBJECT_CONVERSION = YES_AGGRESSIVE;
				CLANG_CXX_LANGUAGE_STANDARD = "gnu++20";
				CLANG_ENABLE_MODULES = YES;
				CLANG_ENABLE_OBJC_ARC = YES;
				CLANG_ENABLE_OBJC_WEAK = YES;
				CLANG_WARN_BLOCK_CAPTURE_AUTORELEASING = YES;
				CLANG_WARN_BOOL_CONVERSION = YES;
				CLANG_WARN_COMMA = YES;
				CLANG_WARN_CONSTANT_CONVERSION = YES;
				CLANG_WARN_DEPRECATED_OBJC_IMPLEMENTATIONS = YES;
				CLANG_WARN_DIRECT_OBJC_ISA_USAGE = YES_ERROR;
				CLANG_WARN_DOCUMENTATION_COMMENTS = YES;
				CLANG_WARN_EMPTY_BODY = YES;
				CLANG_WARN_ENUM_CONVERSION = YES;
				CLANG_WARN_INFINITE_RECURSION = YES;
				CLANG_WARN_INT_CONVERSION = YES;
				CLANG_WARN_NON_LITERAL_NULL_CONVERSION = YES;
				CLANG_WARN_OBJC_IMPLICIT_RETAIN_SELF = YES;
				CLANG_WARN_OBJC_LITERAL_CONVERSION = YES;
				CLANG_WARN_OBJC_ROOT_CLASS = YES_ERROR;
				CLANG_WARN_QUOTED_INCLUDE_IN_FRAMEWORK_HEADER = YES;
				CLANG_WARN_RANGE_LOOP_ANALYSIS = YES;
				CLANG_WARN_STRICT_PROTOTYPES = YES;
				CLANG_WARN_SUSPICIOUS_MOVE = YES;
				CLANG_WARN_UNGUARDED_AVAILABILITY = YES_AGGRESSIVE;
				CLANG_WARN_UNREACHABLE_CODE = YES;
				CLANG_WARN__DUPLICATE_METHOD_MATCH = YES;
				COPY_PHASE_STRIP = NO;
				DEBUG_INFORMATION_FORMAT = dwarf;
				ENABLE_STRICT_OBJC_MSGSEND = YES;
				ENABLE_TESTABILITY = YES;
				GCC_C_LANGUAGE_STANDARD = gnu11;
				GCC_DYNAMIC_NO_PIC = NO;
				GCC_NO_COMMON_BLOCKS = YES;
				GCC_OPTIMIZATION_LEVEL = 0;
				GCC_PREPROCESSOR_DEFINITIONS = (
					"DEBUG=1",
					"$(inherited)",
				);
				GCC_WARN_64_TO_32_BIT_CONVERSION = YES;
				GCC_WARN_ABOUT_RETURN_TYPE = YES_ERROR;
				GCC_WARN_UNDECLARED_SELECTOR = YES;
				GCC_WARN_UNINITIALIZED_AUTOS = YES_AGGRESSIVE;
				GCC_WARN_UNUSED_FUNCTION = YES;
				GCC_WARN_UNUSED_VARIABLE = YES;
				IPHONEOS_DEPLOYMENT_TARGET = 16.4;
				MTL_ENABLE_DEBUG_INFO = INCLUDE_SOURCE;
				MTL_FAST_MATH = YES;
				ONLY_ACTIVE_ARCH = YES;
				SDKROOT = iphoneos;
				SWIFT_ACTIVE_COMPILATION_CONDITIONS = DEBUG;
				SWIFT_OPTIMIZATION_LEVEL = "-Onone";
			};
			name = Debug;
		};
		B65856082A3979E0008A597A /* Release */ = {
			isa = XCBuildConfiguration;
			buildSettings = {
				ALWAYS_SEARCH_USER_PATHS = NO;
				CLANG_ANALYZER_NONNULL = YES;
				CLANG_ANALYZER_NUMBER_OBJECT_CONVERSION = YES_AGGRESSIVE;
				CLANG_CXX_LANGUAGE_STANDARD = "gnu++20";
				CLANG_ENABLE_MODULES = YES;
				CLANG_ENABLE_OBJC_ARC = YES;
				CLANG_ENABLE_OBJC_WEAK = YES;
				CLANG_WARN_BLOCK_CAPTURE_AUTORELEASING = YES;
				CLANG_WARN_BOOL_CONVERSION = YES;
				CLANG_WARN_COMMA = YES;
				CLANG_WARN_CONSTANT_CONVERSION = YES;
				CLANG_WARN_DEPRECATED_OBJC_IMPLEMENTATIONS = YES;
				CLANG_WARN_DIRECT_OBJC_ISA_USAGE = YES_ERROR;
				CLANG_WARN_DOCUMENTATION_COMMENTS = YES;
				CLANG_WARN_EMPTY_BODY = YES;
				CLANG_WARN_ENUM_CONVERSION = YES;
				CLANG_WARN_INFINITE_RECURSION = YES;
				CLANG_WARN_INT_CONVERSION = YES;
				CLANG_WARN_NON_LITERAL_NULL_CONVERSION = YES;
				CLANG_WARN_OBJC_IMPLICIT_RETAIN_SELF = YES;
				CLANG_WARN_OBJC_LITERAL_CONVERSION = YES;
				CLANG_WARN_OBJC_ROOT_CLASS = YES_ERROR;
				CLANG_WARN_QUOTED_INCLUDE_IN_FRAMEWORK_HEADER = YES;
				CLANG_WARN_RANGE_LOOP_ANALYSIS = YES;
				CLANG_WARN_STRICT_PROTOTYPES = YES;
				CLANG_WARN_SUSPICIOUS_MOVE = YES;
				CLANG_WARN_UNGUARDED_AVAILABILITY = YES_AGGRESSIVE;
				CLANG_WARN_UNREACHABLE_CODE = YES;
				CLANG_WARN__DUPLICATE_METHOD_MATCH = YES;
				COPY_PHASE_STRIP = NO;
				DEBUG_INFORMATION_FORMAT = "dwarf-with-dsym";
				ENABLE_NS_ASSERTIONS = NO;
				ENABLE_STRICT_OBJC_MSGSEND = YES;
				GCC_C_LANGUAGE_STANDARD = gnu11;
				GCC_NO_COMMON_BLOCKS = YES;
				GCC_WARN_64_TO_32_BIT_CONVERSION = YES;
				GCC_WARN_ABOUT_RETURN_TYPE = YES_ERROR;
				GCC_WARN_UNDECLARED_SELECTOR = YES;
				GCC_WARN_UNINITIALIZED_AUTOS = YES_AGGRESSIVE;
				GCC_WARN_UNUSED_FUNCTION = YES;
				GCC_WARN_UNUSED_VARIABLE = YES;
				IPHONEOS_DEPLOYMENT_TARGET = 16.4;
				MTL_ENABLE_DEBUG_INFO = NO;
				MTL_FAST_MATH = YES;
				SDKROOT = iphoneos;
				SWIFT_COMPILATION_MODE = wholemodule;
				SWIFT_OPTIMIZATION_LEVEL = "-O";
				VALIDATE_PRODUCT = YES;
			};
			name = Release;
		};
		B658560A2A3979E0008A597A /* Debug */ = {
			isa = XCBuildConfiguration;
			buildSettings = {
				ASSETCATALOG_COMPILER_APPICON_NAME = AppIcon;
				ASSETCATALOG_COMPILER_GLOBAL_ACCENT_COLOR_NAME = AccentColor;
				CODE_SIGN_ENTITLEMENTS = DraftAFStudy3/DraftAFStudy3.entitlements;
				CODE_SIGN_STYLE = Automatic;
				CURRENT_PROJECT_VERSION = 1.1.5;
				DEVELOPMENT_ASSET_PATHS = "\"DraftAFStudy3/Preview Content\"";
				DEVELOPMENT_TEAM = 5UJL58M7XY;
				ENABLE_PREVIEWS = YES;
				GENERATE_INFOPLIST_FILE = YES;
				INFOPLIST_FILE = DraftAFStudy3/Info.plist;
				INFOPLIST_KEY_CFBundleDisplayName = "Attachment Study";
				INFOPLIST_KEY_LSApplicationCategoryType = "public.app-category.lifestyle";
				INFOPLIST_KEY_UIApplicationSceneManifest_Generation = YES;
				INFOPLIST_KEY_UIApplicationSupportsIndirectInputEvents = YES;
				INFOPLIST_KEY_UILaunchScreen_Generation = YES;
				INFOPLIST_KEY_UISupportedInterfaceOrientations_iPad = "UIInterfaceOrientationPortrait UIInterfaceOrientationPortraitUpsideDown UIInterfaceOrientationLandscapeLeft UIInterfaceOrientationLandscapeRight";
				INFOPLIST_KEY_UISupportedInterfaceOrientations_iPhone = "UIInterfaceOrientationPortrait UIInterfaceOrientationLandscapeLeft UIInterfaceOrientationLandscapeRight";
				LD_RUNPATH_SEARCH_PATHS = (
					"$(inherited)",
					"@executable_path/Frameworks",
				);
				MARKETING_VERSION = 1.1.5;
				PRODUCT_BUNDLE_IDENTIFIER = edu.ku.afstudy;
				PRODUCT_NAME = "$(TARGET_NAME)";
				SWIFT_EMIT_LOC_STRINGS = YES;
				SWIFT_VERSION = 5.0;
				TARGETED_DEVICE_FAMILY = "1,2";
			};
			name = Debug;
		};
		B658560B2A3979E0008A597A /* Release */ = {
			isa = XCBuildConfiguration;
			buildSettings = {
				ASSETCATALOG_COMPILER_APPICON_NAME = AppIcon;
				ASSETCATALOG_COMPILER_GLOBAL_ACCENT_COLOR_NAME = AccentColor;
				CODE_SIGN_ENTITLEMENTS = DraftAFStudy3/DraftAFStudy3.entitlements;
				CODE_SIGN_STYLE = Automatic;
				CURRENT_PROJECT_VERSION = 1.1.5;
				DEVELOPMENT_ASSET_PATHS = "\"DraftAFStudy3/Preview Content\"";
				DEVELOPMENT_TEAM = 5UJL58M7XY;
				ENABLE_PREVIEWS = YES;
				GENERATE_INFOPLIST_FILE = YES;
				INFOPLIST_FILE = DraftAFStudy3/Info.plist;
				INFOPLIST_KEY_CFBundleDisplayName = "Attachment Study";
				INFOPLIST_KEY_LSApplicationCategoryType = "public.app-category.lifestyle";
				INFOPLIST_KEY_UIApplicationSceneManifest_Generation = YES;
				INFOPLIST_KEY_UIApplicationSupportsIndirectInputEvents = YES;
				INFOPLIST_KEY_UILaunchScreen_Generation = YES;
				INFOPLIST_KEY_UISupportedInterfaceOrientations_iPad = "UIInterfaceOrientationPortrait UIInterfaceOrientationPortraitUpsideDown UIInterfaceOrientationLandscapeLeft UIInterfaceOrientationLandscapeRight";
				INFOPLIST_KEY_UISupportedInterfaceOrientations_iPhone = "UIInterfaceOrientationPortrait UIInterfaceOrientationLandscapeLeft UIInterfaceOrientationLandscapeRight";
				LD_RUNPATH_SEARCH_PATHS = (
					"$(inherited)",
					"@executable_path/Frameworks",
				);
				MARKETING_VERSION = 1.1.5;
				PRODUCT_BUNDLE_IDENTIFIER = edu.ku.afstudy;
				PRODUCT_NAME = "$(TARGET_NAME)";
				SWIFT_EMIT_LOC_STRINGS = YES;
				SWIFT_VERSION = 5.0;
				TARGETED_DEVICE_FAMILY = "1,2";
			};
			name = Release;
		};
/* End XCBuildConfiguration section */

/* Begin XCConfigurationList section */
		B65855F62A3979DE008A597A /* Build configuration list for PBXProject "DraftAFStudy3" */ = {
			isa = XCConfigurationList;
			buildConfigurations = (
				B65856072A3979E0008A597A /* Debug */,
				B65856082A3979E0008A597A /* Release */,
			);
			defaultConfigurationIsVisible = 0;
			defaultConfigurationName = Release;
		};
		B65856092A3979E0008A597A /* Build configuration list for PBXNativeTarget "DraftAFStudy3" */ = {
			isa = XCConfigurationList;
			buildConfigurations = (
				B658560A2A3979E0008A597A /* Debug */,
				B658560B2A3979E0008A597A /* Release */,
			);
			defaultConfigurationIsVisible = 0;
			defaultConfigurationName = Release;
		};
/* End XCConfigurationList section */

/* Begin XCRemoteSwiftPackageReference section */
		B61C2F402A55E83D009B861B /* XCRemoteSwiftPackageReference "firebase-ios-sdk" */ = {
			isa = XCRemoteSwiftPackageReference;
			repositoryURL = "https://github.com/firebase/firebase-ios-sdk";
			requirement = {
				kind = upToNextMajorVersion;
				minimumVersion = 10.0.0;
			};
		};
		B69A9E222A4C88450062F494 /* XCRemoteSwiftPackageReference "CardStack" */ = {
			isa = XCRemoteSwiftPackageReference;
			repositoryURL = "https://github.com/notsobigcompany/CardStack";
			requirement = {
				kind = upToNextMajorVersion;
				minimumVersion = 1.0.0;
			};
		};
		B6E0CD122A5A45DA00BD9009 /* XCRemoteSwiftPackageReference "Alamofire" */ = {
			isa = XCRemoteSwiftPackageReference;
			repositoryURL = "https://github.com/Alamofire/Alamofire";
			requirement = {
				kind = upToNextMajorVersion;
				minimumVersion = 5.0.0;
			};
		};
/* End XCRemoteSwiftPackageReference section */

/* Begin XCSwiftPackageProductDependency section */
		B61C2F412A55E83D009B861B /* FirebaseAnalyticsWithoutAdIdSupport */ = {
			isa = XCSwiftPackageProductDependency;
			package = B61C2F402A55E83D009B861B /* XCRemoteSwiftPackageReference "firebase-ios-sdk" */;
			productName = FirebaseAnalyticsWithoutAdIdSupport;
		};
		B61C2F432A55E83D009B861B /* FirebaseAuth */ = {
			isa = XCSwiftPackageProductDependency;
			package = B61C2F402A55E83D009B861B /* XCRemoteSwiftPackageReference "firebase-ios-sdk" */;
			productName = FirebaseAuth;
		};
		B61C2F452A55E83D009B861B /* FirebaseDatabase */ = {
			isa = XCSwiftPackageProductDependency;
			package = B61C2F402A55E83D009B861B /* XCRemoteSwiftPackageReference "firebase-ios-sdk" */;
			productName = FirebaseDatabase;
		};
		B61C2F472A55E83D009B861B /* FirebaseDatabaseSwift */ = {
			isa = XCSwiftPackageProductDependency;
			package = B61C2F402A55E83D009B861B /* XCRemoteSwiftPackageReference "firebase-ios-sdk" */;
			productName = FirebaseDatabaseSwift;
		};
		B61C2F492A55E83D009B861B /* FirebaseFirestore */ = {
			isa = XCSwiftPackageProductDependency;
			package = B61C2F402A55E83D009B861B /* XCRemoteSwiftPackageReference "firebase-ios-sdk" */;
			productName = FirebaseFirestore;
		};
		B61C2F4B2A55E83D009B861B /* FirebaseFirestoreSwift */ = {
			isa = XCSwiftPackageProductDependency;
			package = B61C2F402A55E83D009B861B /* XCRemoteSwiftPackageReference "firebase-ios-sdk" */;
			productName = FirebaseFirestoreSwift;
		};
		B61C2F4D2A55E83D009B861B /* FirebaseMessaging */ = {
			isa = XCSwiftPackageProductDependency;
			package = B61C2F402A55E83D009B861B /* XCRemoteSwiftPackageReference "firebase-ios-sdk" */;
			productName = FirebaseMessaging;
		};
		B69A9E232A4C88450062F494 /* CardStack */ = {
			isa = XCSwiftPackageProductDependency;
			package = B69A9E222A4C88450062F494 /* XCRemoteSwiftPackageReference "CardStack" */;
			productName = CardStack;
		};
		B6E0CD132A5A45DA00BD9009 /* Alamofire */ = {
			isa = XCSwiftPackageProductDependency;
			package = B6E0CD122A5A45DA00BD9009 /* XCRemoteSwiftPackageReference "Alamofire" */;
			productName = Alamofire;
		};
/* End XCSwiftPackageProductDependency section */
	};
	rootObject = B65855F32A3979DE008A597A /* Project object */;
}
